// !$*UTF8*$!
{
	archiveVersion = 1;
	classes = {
	};
	objectVersion = 46;
	objects = {

/* Begin PBXBuildFile section */
		9985C1191B63DB48005639EE /* AppDelegate.swift in Sources */ = {isa = PBXBuildFile; fileRef = 9985C1181B63DB48005639EE /* AppDelegate.swift */; };
		9985C11B1B63DB48005639EE /* ViewController.swift in Sources */ = {isa = PBXBuildFile; fileRef = 9985C11A1B63DB48005639EE /* ViewController.swift */; };
		9985C11E1B63DB48005639EE /* Main.storyboard in Resources */ = {isa = PBXBuildFile; fileRef = 9985C11C1B63DB48005639EE /* Main.storyboard */; };
		9985C1201B63DB48005639EE /* Images.xcassets in Resources */ = {isa = PBXBuildFile; fileRef = 9985C11F1B63DB48005639EE /* Images.xcassets */; };
		9985C1231B63DB48005639EE /* LaunchScreen.xib in Resources */ = {isa = PBXBuildFile; fileRef = 9985C1211B63DB48005639EE /* LaunchScreen.xib */; };
		9985C12F1B63DB49005639EE /* BiddingCountdownTestTests.swift in Sources */ = {isa = PBXBuildFile; fileRef = 9985C12E1B63DB49005639EE /* BiddingCountdownTestTests.swift */; };
		9985C13C1B63DBCE005639EE /* Constants.swift in Sources */ = {isa = PBXBuildFile; fileRef = 9985C1381B63DBCE005639EE /* Constants.swift */; };
		9985C13D1B63DBCE005639EE /* Deal.swift in Sources */ = {isa = PBXBuildFile; fileRef = 9985C1391B63DBCE005639EE /* Deal.swift */; };
		9985C13E1B63DBCE005639EE /* Restaurant.swift in Sources */ = {isa = PBXBuildFile; fileRef = 9985C13A1B63DBCE005639EE /* Restaurant.swift */; };
		9985C13F1B63DBCE005639EE /* RestaurantData.plist in Resources */ = {isa = PBXBuildFile; fileRef = 9985C13B1B63DBCE005639EE /* RestaurantData.plist */; };
		9985C1461B63DC47005639EE /* TTCounterLabel.m in Sources */ = {isa = PBXBuildFile; fileRef = 9985C1431B63DC47005639EE /* TTCounterLabel.m */; };
		9985C1471B63DC47005639EE /* TTTAttributedLabel.m in Sources */ = {isa = PBXBuildFile; fileRef = 9985C1451B63DC47005639EE /* TTTAttributedLabel.m */; };
		9985C14A1B63DCA6005639EE /* RestaurantDealCell.swift in Sources */ = {isa = PBXBuildFile; fileRef = 9985C1491B63DCA6005639EE /* RestaurantDealCell.swift */; };
		99CD57761B6A930B00DBDF3A /* DealHeaderCell.swift in Sources */ = {isa = PBXBuildFile; fileRef = 99CD57751B6A930B00DBDF3A /* DealHeaderCell.swift */; };
/* End PBXBuildFile section */

/* Begin PBXContainerItemProxy section */
		9985C1291B63DB49005639EE /* PBXContainerItemProxy */ = {
			isa = PBXContainerItemProxy;
			containerPortal = 9985C10B1B63DB48005639EE /* Project object */;
			proxyType = 1;
			remoteGlobalIDString = 9985C1121B63DB48005639EE;
			remoteInfo = BiddingCountdownTest;
		};
/* End PBXContainerItemProxy section */

/* Begin PBXFileReference section */
		814637781B6ABE8C00F6AEA2 /* BiddingCountdownTest-Bridging-Header.h */ = {isa = PBXFileReference; lastKnownFileType = sourcecode.c.h; path = "BiddingCountdownTest-Bridging-Header.h"; sourceTree = "<group>"; };
		9985C1131B63DB48005639EE /* BiddingCountdownTest.app */ = {isa = PBXFileReference; explicitFileType = wrapper.application; includeInIndex = 0; path = BiddingCountdownTest.app; sourceTree = BUILT_PRODUCTS_DIR; };
		9985C1171B63DB48005639EE /* Info.plist */ = {isa = PBXFileReference; lastKnownFileType = text.plist.xml; path = Info.plist; sourceTree = "<group>"; };
		9985C1181B63DB48005639EE /* AppDelegate.swift */ = {isa = PBXFileReference; lastKnownFileType = sourcecode.swift; path = AppDelegate.swift; sourceTree = "<group>"; };
		9985C11A1B63DB48005639EE /* ViewController.swift */ = {isa = PBXFileReference; lastKnownFileType = sourcecode.swift; path = ViewController.swift; sourceTree = "<group>"; };
		9985C11D1B63DB48005639EE /* Base */ = {isa = PBXFileReference; lastKnownFileType = file.storyboard; name = Base; path = Base.lproj/Main.storyboard; sourceTree = "<group>"; };
		9985C11F1B63DB48005639EE /* Images.xcassets */ = {isa = PBXFileReference; lastKnownFileType = folder.assetcatalog; path = Images.xcassets; sourceTree = "<group>"; };
		9985C1221B63DB48005639EE /* Base */ = {isa = PBXFileReference; lastKnownFileType = file.xib; name = Base; path = Base.lproj/LaunchScreen.xib; sourceTree = "<group>"; };
		9985C1281B63DB49005639EE /* BiddingCountdownTestTests.xctest */ = {isa = PBXFileReference; explicitFileType = wrapper.cfbundle; includeInIndex = 0; path = BiddingCountdownTestTests.xctest; sourceTree = BUILT_PRODUCTS_DIR; };
		9985C12D1B63DB49005639EE /* Info.plist */ = {isa = PBXFileReference; lastKnownFileType = text.plist.xml; path = Info.plist; sourceTree = "<group>"; };
		9985C12E1B63DB49005639EE /* BiddingCountdownTestTests.swift */ = {isa = PBXFileReference; lastKnownFileType = sourcecode.swift; path = BiddingCountdownTestTests.swift; sourceTree = "<group>"; };
		9985C1381B63DBCE005639EE /* Constants.swift */ = {isa = PBXFileReference; fileEncoding = 4; lastKnownFileType = sourcecode.swift; path = Constants.swift; sourceTree = "<group>"; };
		9985C1391B63DBCE005639EE /* Deal.swift */ = {isa = PBXFileReference; fileEncoding = 4; lastKnownFileType = sourcecode.swift; path = Deal.swift; sourceTree = "<group>"; };
		9985C13A1B63DBCE005639EE /* Restaurant.swift */ = {isa = PBXFileReference; fileEncoding = 4; lastKnownFileType = sourcecode.swift; path = Restaurant.swift; sourceTree = "<group>"; };
		9985C13B1B63DBCE005639EE /* RestaurantData.plist */ = {isa = PBXFileReference; fileEncoding = 4; lastKnownFileType = text.plist.xml; path = RestaurantData.plist; sourceTree = "<group>"; };
		9985C1421B63DC47005639EE /* TTCounterLabel.h */ = {isa = PBXFileReference; fileEncoding = 4; lastKnownFileType = sourcecode.c.h; path = TTCounterLabel.h; sourceTree = "<group>"; };
		9985C1431B63DC47005639EE /* TTCounterLabel.m */ = {isa = PBXFileReference; fileEncoding = 4; lastKnownFileType = sourcecode.c.objc; path = TTCounterLabel.m; sourceTree = "<group>"; };
		9985C1441B63DC47005639EE /* TTTAttributedLabel.h */ = {isa = PBXFileReference; fileEncoding = 4; lastKnownFileType = sourcecode.c.h; path = TTTAttributedLabel.h; sourceTree = "<group>"; };
		9985C1451B63DC47005639EE /* TTTAttributedLabel.m */ = {isa = PBXFileReference; fileEncoding = 4; lastKnownFileType = sourcecode.c.objc; path = TTTAttributedLabel.m; sourceTree = "<group>"; };
		9985C1491B63DCA6005639EE /* RestaurantDealCell.swift */ = {isa = PBXFileReference; fileEncoding = 4; lastKnownFileType = sourcecode.swift; path = RestaurantDealCell.swift; sourceTree = "<group>"; };
		99CD57751B6A930B00DBDF3A /* DealHeaderCell.swift */ = {isa = PBXFileReference; fileEncoding = 4; lastKnownFileType = sourcecode.swift; path = DealHeaderCell.swift; sourceTree = "<group>"; };
/* End PBXFileReference section */

/* Begin PBXFrameworksBuildPhase section */
		9985C1101B63DB48005639EE /* Frameworks */ = {
			isa = PBXFrameworksBuildPhase;
			buildActionMask = 2147483647;
			files = (
			);
			runOnlyForDeploymentPostprocessing = 0;
		};
		9985C1251B63DB49005639EE /* Frameworks */ = {
			isa = PBXFrameworksBuildPhase;
			buildActionMask = 2147483647;
			files = (
			);
			runOnlyForDeploymentPostprocessing = 0;
		};
/* End PBXFrameworksBuildPhase section */

/* Begin PBXGroup section */
		9985C10A1B63DB48005639EE = {
			isa = PBXGroup;
			children = (
				9985C1151B63DB48005639EE /* BiddingCountdownTest */,
				9985C12B1B63DB49005639EE /* BiddingCountdownTestTests */,
				9985C1141B63DB48005639EE /* Products */,
			);
			sourceTree = "<group>";
		};
		9985C1141B63DB48005639EE /* Products */ = {
			isa = PBXGroup;
			children = (
				9985C1131B63DB48005639EE /* BiddingCountdownTest.app */,
				9985C1281B63DB49005639EE /* BiddingCountdownTestTests.xctest */,
			);
			name = Products;
			sourceTree = "<group>";
		};
		9985C1151B63DB48005639EE /* BiddingCountdownTest */ = {
			isa = PBXGroup;
			children = (
				9985C1481B63DC54005639EE /* Timer Label */,
				9985C1401B63DBD8005639EE /* Data */,
				9985C14B1B63DCB1005639EE /* View */,
				9985C1411B63DBDF005639EE /* Controller */,
				9985C1181B63DB48005639EE /* AppDelegate.swift */,
				9985C11C1B63DB48005639EE /* Main.storyboard */,
				9985C11F1B63DB48005639EE /* Images.xcassets */,
				9985C1211B63DB48005639EE /* LaunchScreen.xib */,
				9985C1161B63DB48005639EE /* Supporting Files */,
				814637781B6ABE8C00F6AEA2 /* BiddingCountdownTest-Bridging-Header.h */,
			);
			path = BiddingCountdownTest;
			sourceTree = "<group>";
		};
		9985C1161B63DB48005639EE /* Supporting Files */ = {
			isa = PBXGroup;
			children = (
				9985C1171B63DB48005639EE /* Info.plist */,
			);
			name = "Supporting Files";
			sourceTree = "<group>";
		};
		9985C12B1B63DB49005639EE /* BiddingCountdownTestTests */ = {
			isa = PBXGroup;
			children = (
				9985C12E1B63DB49005639EE /* BiddingCountdownTestTests.swift */,
				9985C12C1B63DB49005639EE /* Supporting Files */,
			);
			path = BiddingCountdownTestTests;
			sourceTree = "<group>";
		};
		9985C12C1B63DB49005639EE /* Supporting Files */ = {
			isa = PBXGroup;
			children = (
				9985C12D1B63DB49005639EE /* Info.plist */,
			);
			name = "Supporting Files";
			sourceTree = "<group>";
		};
		9985C1401B63DBD8005639EE /* Data */ = {
			isa = PBXGroup;
			children = (
				9985C1381B63DBCE005639EE /* Constants.swift */,
				9985C1391B63DBCE005639EE /* Deal.swift */,
				9985C13A1B63DBCE005639EE /* Restaurant.swift */,
				9985C13B1B63DBCE005639EE /* RestaurantData.plist */,
			);
			name = Data;
			sourceTree = "<group>";
		};
		9985C1411B63DBDF005639EE /* Controller */ = {
			isa = PBXGroup;
			children = (
				9985C11A1B63DB48005639EE /* ViewController.swift */,
			);
			name = Controller;
			sourceTree = "<group>";
		};
		9985C1481B63DC54005639EE /* Timer Label */ = {
			isa = PBXGroup;
			children = (
				9985C1421B63DC47005639EE /* TTCounterLabel.h */,
				9985C1431B63DC47005639EE /* TTCounterLabel.m */,
				9985C1441B63DC47005639EE /* TTTAttributedLabel.h */,
				9985C1451B63DC47005639EE /* TTTAttributedLabel.m */,
			);
			name = "Timer Label";
			sourceTree = "<group>";
		};
		9985C14B1B63DCB1005639EE /* View */ = {
			isa = PBXGroup;
			children = (
				9985C1491B63DCA6005639EE /* RestaurantDealCell.swift */,
				99CD57751B6A930B00DBDF3A /* DealHeaderCell.swift */,
			);
			name = View;
			sourceTree = "<group>";
		};
/* End PBXGroup section */

/* Begin PBXNativeTarget section */
		9985C1121B63DB48005639EE /* BiddingCountdownTest */ = {
			isa = PBXNativeTarget;
			buildConfigurationList = 9985C1321B63DB49005639EE /* Build configuration list for PBXNativeTarget "BiddingCountdownTest" */;
			buildPhases = (
				9985C10F1B63DB48005639EE /* Sources */,
				9985C1101B63DB48005639EE /* Frameworks */,
				9985C1111B63DB48005639EE /* Resources */,
			);
			buildRules = (
			);
			dependencies = (
			);
			name = BiddingCountdownTest;
			productName = BiddingCountdownTest;
			productReference = 9985C1131B63DB48005639EE /* BiddingCountdownTest.app */;
			productType = "com.apple.product-type.application";
		};
		9985C1271B63DB49005639EE /* BiddingCountdownTestTests */ = {
			isa = PBXNativeTarget;
			buildConfigurationList = 9985C1351B63DB49005639EE /* Build configuration list for PBXNativeTarget "BiddingCountdownTestTests" */;
			buildPhases = (
				9985C1241B63DB49005639EE /* Sources */,
				9985C1251B63DB49005639EE /* Frameworks */,
				9985C1261B63DB49005639EE /* Resources */,
			);
			buildRules = (
			);
			dependencies = (
				9985C12A1B63DB49005639EE /* PBXTargetDependency */,
			);
			name = BiddingCountdownTestTests;
			productName = BiddingCountdownTestTests;
			productReference = 9985C1281B63DB49005639EE /* BiddingCountdownTestTests.xctest */;
			productType = "com.apple.product-type.bundle.unit-test";
		};
/* End PBXNativeTarget section */

/* Begin PBXProject section */
		9985C10B1B63DB48005639EE /* Project object */ = {
			isa = PBXProject;
			attributes = {
				LastUpgradeCheck = 0640;
				ORGANIZATIONNAME = "Angela Smith";
				TargetAttributes = {
					9985C1121B63DB48005639EE = {
						CreatedOnToolsVersion = 6.4;
					};
					9985C1271B63DB49005639EE = {
						CreatedOnToolsVersion = 6.4;
						TestTargetID = 9985C1121B63DB48005639EE;
					};
				};
			};
			buildConfigurationList = 9985C10E1B63DB48005639EE /* Build configuration list for PBXProject "BiddingCountdownTest" */;
			compatibilityVersion = "Xcode 3.2";
			developmentRegion = English;
			hasScannedForEncodings = 0;
			knownRegions = (
				en,
				Base,
			);
			mainGroup = 9985C10A1B63DB48005639EE;
			productRefGroup = 9985C1141B63DB48005639EE /* Products */;
			projectDirPath = "";
			projectRoot = "";
			targets = (
				9985C1121B63DB48005639EE /* BiddingCountdownTest */,
				9985C1271B63DB49005639EE /* BiddingCountdownTestTests */,
			);
		};
/* End PBXProject section */

/* Begin PBXResourcesBuildPhase section */
		9985C1111B63DB48005639EE /* Resources */ = {
			isa = PBXResourcesBuildPhase;
			buildActionMask = 2147483647;
			files = (
				9985C11E1B63DB48005639EE /* Main.storyboard in Resources */,
				9985C13F1B63DBCE005639EE /* RestaurantData.plist in Resources */,
				9985C1231B63DB48005639EE /* LaunchScreen.xib in Resources */,
				9985C1201B63DB48005639EE /* Images.xcassets in Resources */,
			);
			runOnlyForDeploymentPostprocessing = 0;
		};
		9985C1261B63DB49005639EE /* Resources */ = {
			isa = PBXResourcesBuildPhase;
			buildActionMask = 2147483647;
			files = (
			);
			runOnlyForDeploymentPostprocessing = 0;
		};
/* End PBXResourcesBuildPhase section */

/* Begin PBXSourcesBuildPhase section */
		9985C10F1B63DB48005639EE /* Sources */ = {
			isa = PBXSourcesBuildPhase;
			buildActionMask = 2147483647;
			files = (
				9985C13E1B63DBCE005639EE /* Restaurant.swift in Sources */,
				9985C11B1B63DB48005639EE /* ViewController.swift in Sources */,
				9985C14A1B63DCA6005639EE /* RestaurantDealCell.swift in Sources */,
				9985C1191B63DB48005639EE /* AppDelegate.swift in Sources */,
				9985C1471B63DC47005639EE /* TTTAttributedLabel.m in Sources */,
				9985C1461B63DC47005639EE /* TTCounterLabel.m in Sources */,
				9985C13C1B63DBCE005639EE /* Constants.swift in Sources */,
				99CD57761B6A930B00DBDF3A /* DealHeaderCell.swift in Sources */,
				9985C13D1B63DBCE005639EE /* Deal.swift in Sources */,
			);
			runOnlyForDeploymentPostprocessing = 0;
		};
		9985C1241B63DB49005639EE /* Sources */ = {
			isa = PBXSourcesBuildPhase;
			buildActionMask = 2147483647;
			files = (
				9985C12F1B63DB49005639EE /* BiddingCountdownTestTests.swift in Sources */,
			);
			runOnlyForDeploymentPostprocessing = 0;
		};
/* End PBXSourcesBuildPhase section */

/* Begin PBXTargetDependency section */
		9985C12A1B63DB49005639EE /* PBXTargetDependency */ = {
			isa = PBXTargetDependency;
			target = 9985C1121B63DB48005639EE /* BiddingCountdownTest */;
			targetProxy = 9985C1291B63DB49005639EE /* PBXContainerItemProxy */;
		};
/* End PBXTargetDependency section */

/* Begin PBXVariantGroup section */
		9985C11C1B63DB48005639EE /* Main.storyboard */ = {
			isa = PBXVariantGroup;
			children = (
				9985C11D1B63DB48005639EE /* Base */,
			);
			name = Main.storyboard;
			sourceTree = "<group>";
		};
		9985C1211B63DB48005639EE /* LaunchScreen.xib */ = {
			isa = PBXVariantGroup;
			children = (
				9985C1221B63DB48005639EE /* Base */,
			);
			name = LaunchScreen.xib;
			sourceTree = "<group>";
		};
/* End PBXVariantGroup section */

/* Begin XCBuildConfiguration section */
		9985C1301B63DB49005639EE /* Debug */ = {
			isa = XCBuildConfiguration;
			buildSettings = {
				ALWAYS_SEARCH_USER_PATHS = NO;
				CLANG_CXX_LANGUAGE_STANDARD = "gnu++0x";
				CLANG_CXX_LIBRARY = "libc++";
				CLANG_ENABLE_MODULES = YES;
				CLANG_ENABLE_OBJC_ARC = YES;
				CLANG_WARN_BOOL_CONVERSION = YES;
				CLANG_WARN_CONSTANT_CONVERSION = YES;
				CLANG_WARN_DIRECT_OBJC_ISA_USAGE = YES_ERROR;
				CLANG_WARN_EMPTY_BODY = YES;
				CLANG_WARN_ENUM_CONVERSION = YES;
				CLANG_WARN_INT_CONVERSION = YES;
				CLANG_WARN_OBJC_ROOT_CLASS = YES_ERROR;
				CLANG_WARN_UNREACHABLE_CODE = YES;
				CLANG_WARN__DUPLICATE_METHOD_MATCH = YES;
				"CODE_SIGN_IDENTITY[sdk=iphoneos*]" = "iPhone Developer";
				COPY_PHASE_STRIP = NO;
				DEBUG_INFORMATION_FORMAT = "dwarf-with-dsym";
				ENABLE_STRICT_OBJC_MSGSEND = YES;
				GCC_C_LANGUAGE_STANDARD = gnu99;
				GCC_DYNAMIC_NO_PIC = NO;
				GCC_NO_COMMON_BLOCKS = YES;
				GCC_OPTIMIZATION_LEVEL = 0;
				GCC_PREPROCESSOR_DEFINITIONS = (
					"DEBUG=1",
					"$(inherited)",
				);
				GCC_SYMBOLS_PRIVATE_EXTERN = NO;
				GCC_WARN_64_TO_32_BIT_CONVERSION = YES;
				GCC_WARN_ABOUT_RETURN_TYPE = YES_ERROR;
				GCC_WARN_UNDECLARED_SELECTOR = YES;
				GCC_WARN_UNINITIALIZED_AUTOS = YES_AGGRESSIVE;
				GCC_WARN_UNUSED_FUNCTION = YES;
				GCC_WARN_UNUSED_VARIABLE = YES;
				IPHONEOS_DEPLOYMENT_TARGET = 8.4;
				MTL_ENABLE_DEBUG_INFO = YES;
				ONLY_ACTIVE_ARCH = YES;
				SDKROOT = iphoneos;
				SWIFT_OPTIMIZATION_LEVEL = "-Onone";
			};
			name = Debug;
		};
		9985C1311B63DB49005639EE /* Release */ = {
			isa = XCBuildConfiguration;
			buildSettings = {
				ALWAYS_SEARCH_USER_PATHS = NO;
				CLANG_CXX_LANGUAGE_STANDARD = "gnu++0x";
				CLANG_CXX_LIBRARY = "libc++";
				CLANG_ENABLE_MODULES = YES;
				CLANG_ENABLE_OBJC_ARC = YES;
				CLANG_WARN_BOOL_CONVERSION = YES;
				CLANG_WARN_CONSTANT_CONVERSION = YES;
				CLANG_WARN_DIRECT_OBJC_ISA_USAGE = YES_ERROR;
				CLANG_WARN_EMPTY_BODY = YES;
				CLANG_WARN_ENUM_CONVERSION = YES;
				CLANG_WARN_INT_CONVERSION = YES;
				CLANG_WARN_OBJC_ROOT_CLASS = YES_ERROR;
				CLANG_WARN_UNREACHABLE_CODE = YES;
				CLANG_WARN__DUPLICATE_METHOD_MATCH = YES;
				"CODE_SIGN_IDENTITY[sdk=iphoneos*]" = "iPhone Developer";
				COPY_PHASE_STRIP = NO;
				DEBUG_INFORMATION_FORMAT = "dwarf-with-dsym";
				ENABLE_NS_ASSERTIONS = NO;
				ENABLE_STRICT_OBJC_MSGSEND = YES;
				GCC_C_LANGUAGE_STANDARD = gnu99;
				GCC_NO_COMMON_BLOCKS = YES;
				GCC_WARN_64_TO_32_BIT_CONVERSION = YES;
				GCC_WARN_ABOUT_RETURN_TYPE = YES_ERROR;
				GCC_WARN_UNDECLARED_SELECTOR = YES;
				GCC_WARN_UNINITIALIZED_AUTOS = YES_AGGRESSIVE;
				GCC_WARN_UNUSED_FUNCTION = YES;
				GCC_WARN_UNUSED_VARIABLE = YES;
				IPHONEOS_DEPLOYMENT_TARGET = 8.4;
				MTL_ENABLE_DEBUG_INFO = NO;
				SDKROOT = iphoneos;
				VALIDATE_PRODUCT = YES;
			};
			name = Release;
		};
		9985C1331B63DB49005639EE /* Debug */ = {
			isa = XCBuildConfiguration;
			buildSettings = {
				ASSETCATALOG_COMPILER_APPICON_NAME = AppIcon;
				INFOPLIST_FILE = BiddingCountdownTest/Info.plist;
				IPHONEOS_DEPLOYMENT_TARGET = 8.0;
				LD_RUNPATH_SEARCH_PATHS = "$(inherited) @executable_path/Frameworks";
				PRODUCT_NAME = "$(TARGET_NAME)";
				SWIFT_OBJC_BRIDGING_HEADER = "/Users/angelasmith/Desktop/RD/BiddingCountdownTest/BiddingCountdownTest/BiddingCountdownTest-Bridging-Header.h";
			};
			name = Debug;
		};
		9985C1341B63DB49005639EE /* Release */ = {
			isa = XCBuildConfiguration;
			buildSettings = {
				ASSETCATALOG_COMPILER_APPICON_NAME = AppIcon;
				INFOPLIST_FILE = BiddingCountdownTest/Info.plist;
				IPHONEOS_DEPLOYMENT_TARGET = 8.0;
				LD_RUNPATH_SEARCH_PATHS = "$(inherited) @executable_path/Frameworks";
				PRODUCT_NAME = "$(TARGET_NAME)";
				SWIFT_OBJC_BRIDGING_HEADER = "/Users/angelasmith/Desktop/RD/BiddingCountdownTest/BiddingCountdownTest/BiddingCountdownTest-Bridging-Header.h";
			};
			name = Release;
		};
		9985C1361B63DB49005639EE /* Debug */ = {
			isa = XCBuildConfiguration;
			buildSettings = {
				BUNDLE_LOADER = "$(TEST_HOST)";
				FRAMEWORK_SEARCH_PATHS = (
					"$(SDKROOT)/Developer/Library/Frameworks",
					"$(inherited)",
				);
				GCC_PREPROCESSOR_DEFINITIONS = (
					"DEBUG=1",
					"$(inherited)",
				);
				INFOPLIST_FILE = BiddingCountdownTestTests/Info.plist;
				LD_RUNPATH_SEARCH_PATHS = "$(inherited) @executable_path/Frameworks @loader_path/Frameworks";
				PRODUCT_NAME = "$(TARGET_NAME)";
				TEST_HOST = "$(BUILT_PRODUCTS_DIR)/BiddingCountdownTest.app/BiddingCountdownTest";
			};
			name = Debug;
		};
		9985C1371B63DB49005639EE /* Release */ = {
			isa = XCBuildConfiguration;
			buildSettings = {
				BUNDLE_LOADER = "$(TEST_HOST)";
				FRAMEWORK_SEARCH_PATHS = (
					"$(SDKROOT)/Developer/Library/Frameworks",
					"$(inherited)",
				);
				INFOPLIST_FILE = BiddingCountdownTestTests/Info.plist;
				LD_RUNPATH_SEARCH_PATHS = "$(inherited) @executable_path/Frameworks @loader_path/Frameworks";
				PRODUCT_NAME = "$(TARGET_NAME)";
				TEST_HOST = "$(BUILT_PRODUCTS_DIR)/BiddingCountdownTest.app/BiddingCountdownTest";
			};
			name = Release;
		};
/* End XCBuildConfiguration section */

/* Begin XCConfigurationList section */
		9985C10E1B63DB48005639EE /* Build configuration list for PBXProject "BiddingCountdownTest" */ = {
			isa = XCConfigurationList;
			buildConfigurations = (
				9985C1301B63DB49005639EE /* Debug */,
				9985C1311B63DB49005639EE /* Release */,
			);
			defaultConfigurationIsVisible = 0;
			defaultConfigurationName = Release;
		};
		9985C1321B63DB49005639EE /* Build configuration list for PBXNativeTarget "BiddingCountdownTest" */ = {
			isa = XCConfigurationList;
			buildConfigurations = (
				9985C1331B63DB49005639EE /* Debug */,
				9985C1341B63DB49005639EE /* Release */,
			);
			defaultConfigurationIsVisible = 0;
			defaultConfigurationName = Release;
		};
		9985C1351B63DB49005639EE /* Build configuration list for PBXNativeTarget "BiddingCountdownTestTests" */ = {
			isa = XCConfigurationList;
			buildConfigurations = (
				9985C1361B63DB49005639EE /* Debug */,
				9985C1371B63DB49005639EE /* Release */,
			);
			defaultConfigurationIsVisible = 0;
			defaultConfigurationName = Release;
		};
/* End XCConfigurationList section */
	};
	rootObject = 9985C10B1B63DB48005639EE /* Project object */;
}
