// !$*UTF8*$!
{
	archiveVersion = 1;
	classes = {
	};
	objectVersion = 46;
	objects = {

/* Begin PBXBuildFile section */
		817BC8481B6D6BEA0059C31D /* AppDelegate.swift in Sources */ = {isa = PBXBuildFile; fileRef = 817BC8471B6D6BEA0059C31D /* AppDelegate.swift */; };
		817BC84A1B6D6BEA0059C31D /* ViewController.swift in Sources */ = {isa = PBXBuildFile; fileRef = 817BC8491B6D6BEA0059C31D /* ViewController.swift */; };
		817BC84D1B6D6BEA0059C31D /* Main.storyboard in Resources */ = {isa = PBXBuildFile; fileRef = 817BC84B1B6D6BEA0059C31D /* Main.storyboard */; };
		817BC84F1B6D6BEA0059C31D /* Images.xcassets in Resources */ = {isa = PBXBuildFile; fileRef = 817BC84E1B6D6BEA0059C31D /* Images.xcassets */; };
		817BC8521B6D6BEA0059C31D /* LaunchScreen.xib in Resources */ = {isa = PBXBuildFile; fileRef = 817BC8501B6D6BEA0059C31D /* LaunchScreen.xib */; };
		817BC85E1B6D6BEA0059C31D /* RealmTestTests.swift in Sources */ = {isa = PBXBuildFile; fileRef = 817BC85D1B6D6BEA0059C31D /* RealmTestTests.swift */; };
		817BC8681B6D6D470059C31D /* ToDoItem.swift in Sources */ = {isa = PBXBuildFile; fileRef = 817BC8671B6D6D470059C31D /* ToDoItem.swift */; };
		817BC86A1B6D6F710059C31D /* AddVC.swift in Sources */ = {isa = PBXBuildFile; fileRef = 817BC8691B6D6F710059C31D /* AddVC.swift */; };
		DED9067046BBA5B5EED6544F /* Pods.framework in Frameworks */ = {isa = PBXBuildFile; fileRef = 72B0AA01F705421C1024B0DB /* Pods.framework */; settings = {ATTRIBUTES = (Weak, ); }; };
/* End PBXBuildFile section */

/* Begin PBXContainerItemProxy section */
		817BC8581B6D6BEA0059C31D /* PBXContainerItemProxy */ = {
			isa = PBXContainerItemProxy;
			containerPortal = 817BC83A1B6D6BEA0059C31D /* Project object */;
			proxyType = 1;
			remoteGlobalIDString = 817BC8411B6D6BEA0059C31D;
			remoteInfo = RealmTest;
		};
/* End PBXContainerItemProxy section */

/* Begin PBXFileReference section */
		72B0AA01F705421C1024B0DB /* Pods.framework */ = {isa = PBXFileReference; explicitFileType = wrapper.framework; includeInIndex = 0; path = Pods.framework; sourceTree = BUILT_PRODUCTS_DIR; };
		817BC8421B6D6BEA0059C31D /* RealmTest.app */ = {isa = PBXFileReference; explicitFileType = wrapper.application; includeInIndex = 0; path = RealmTest.app; sourceTree = BUILT_PRODUCTS_DIR; };
		817BC8461B6D6BEA0059C31D /* Info.plist */ = {isa = PBXFileReference; lastKnownFileType = text.plist.xml; path = Info.plist; sourceTree = "<group>"; };
		817BC8471B6D6BEA0059C31D /* AppDelegate.swift */ = {isa = PBXFileReference; lastKnownFileType = sourcecode.swift; path = AppDelegate.swift; sourceTree = "<group>"; };
		817BC8491B6D6BEA0059C31D /* ViewController.swift */ = {isa = PBXFileReference; lastKnownFileType = sourcecode.swift; path = ViewController.swift; sourceTree = "<group>"; };
		817BC84C1B6D6BEA0059C31D /* Base */ = {isa = PBXFileReference; lastKnownFileType = file.storyboard; name = Base; path = Base.lproj/Main.storyboard; sourceTree = "<group>"; };
		817BC84E1B6D6BEA0059C31D /* Images.xcassets */ = {isa = PBXFileReference; lastKnownFileType = folder.assetcatalog; path = Images.xcassets; sourceTree = "<group>"; };
		817BC8511B6D6BEA0059C31D /* Base */ = {isa = PBXFileReference; lastKnownFileType = file.xib; name = Base; path = Base.lproj/LaunchScreen.xib; sourceTree = "<group>"; };
		817BC8571B6D6BEA0059C31D /* RealmTestTests.xctest */ = {isa = PBXFileReference; explicitFileType = wrapper.cfbundle; includeInIndex = 0; path = RealmTestTests.xctest; sourceTree = BUILT_PRODUCTS_DIR; };
		817BC85C1B6D6BEA0059C31D /* Info.plist */ = {isa = PBXFileReference; lastKnownFileType = text.plist.xml; path = Info.plist; sourceTree = "<group>"; };
		817BC85D1B6D6BEA0059C31D /* RealmTestTests.swift */ = {isa = PBXFileReference; lastKnownFileType = sourcecode.swift; path = RealmTestTests.swift; sourceTree = "<group>"; };
		817BC8671B6D6D470059C31D /* ToDoItem.swift */ = {isa = PBXFileReference; fileEncoding = 4; lastKnownFileType = sourcecode.swift; path = ToDoItem.swift; sourceTree = "<group>"; };
		817BC8691B6D6F710059C31D /* AddVC.swift */ = {isa = PBXFileReference; fileEncoding = 4; lastKnownFileType = sourcecode.swift; path = AddVC.swift; sourceTree = "<group>"; };
		8C3B441252BC3CA8883481B0 /* Pods.release.xcconfig */ = {isa = PBXFileReference; includeInIndex = 1; lastKnownFileType = text.xcconfig; name = Pods.release.xcconfig; path = "Pods/Target Support Files/Pods/Pods.release.xcconfig"; sourceTree = "<group>"; };
		C9784FE5B336DBB79FBB1B31 /* Pods.debug.xcconfig */ = {isa = PBXFileReference; includeInIndex = 1; lastKnownFileType = text.xcconfig; name = Pods.debug.xcconfig; path = "Pods/Target Support Files/Pods/Pods.debug.xcconfig"; sourceTree = "<group>"; };
/* End PBXFileReference section */

/* Begin PBXFrameworksBuildPhase section */
		817BC83F1B6D6BEA0059C31D /* Frameworks */ = {
			isa = PBXFrameworksBuildPhase;
			buildActionMask = 2147483647;
			files = (
				DED9067046BBA5B5EED6544F /* Pods.framework in Frameworks */,
			);
			runOnlyForDeploymentPostprocessing = 0;
		};
		817BC8541B6D6BEA0059C31D /* Frameworks */ = {
			isa = PBXFrameworksBuildPhase;
			buildActionMask = 2147483647;
			files = (
			);
			runOnlyForDeploymentPostprocessing = 0;
		};
/* End PBXFrameworksBuildPhase section */

/* Begin PBXGroup section */
		2647D66CC7A41E335FCE8610 /* Pods */ = {
			isa = PBXGroup;
			children = (
				C9784FE5B336DBB79FBB1B31 /* Pods.debug.xcconfig */,
				8C3B441252BC3CA8883481B0 /* Pods.release.xcconfig */,
			);
			name = Pods;
			sourceTree = "<group>";
		};
		817BC8391B6D6BEA0059C31D = {
			isa = PBXGroup;
			children = (
				817BC8441B6D6BEA0059C31D /* RealmTest */,
				817BC85A1B6D6BEA0059C31D /* RealmTestTests */,
				817BC8431B6D6BEA0059C31D /* Products */,
				2647D66CC7A41E335FCE8610 /* Pods */,
				EE99F94B67CEC50923F1C5C9 /* Frameworks */,
			);
			sourceTree = "<group>";
		};
		817BC8431B6D6BEA0059C31D /* Products */ = {
			isa = PBXGroup;
			children = (
				817BC8421B6D6BEA0059C31D /* RealmTest.app */,
				817BC8571B6D6BEA0059C31D /* RealmTestTests.xctest */,
			);
			name = Products;
			sourceTree = "<group>";
		};
		817BC8441B6D6BEA0059C31D /* RealmTest */ = {
			isa = PBXGroup;
			children = (
				817BC8471B6D6BEA0059C31D /* AppDelegate.swift */,
				817BC8491B6D6BEA0059C31D /* ViewController.swift */,
				817BC84B1B6D6BEA0059C31D /* Main.storyboard */,
				817BC84E1B6D6BEA0059C31D /* Images.xcassets */,
				817BC8501B6D6BEA0059C31D /* LaunchScreen.xib */,
				817BC8451B6D6BEA0059C31D /* Supporting Files */,
				817BC8671B6D6D470059C31D /* ToDoItem.swift */,
				817BC8691B6D6F710059C31D /* AddVC.swift */,
			);
			path = RealmTest;
			sourceTree = "<group>";
		};
		817BC8451B6D6BEA0059C31D /* Supporting Files */ = {
			isa = PBXGroup;
			children = (
				817BC8461B6D6BEA0059C31D /* Info.plist */,
			);
			name = "Supporting Files";
			sourceTree = "<group>";
		};
		817BC85A1B6D6BEA0059C31D /* RealmTestTests */ = {
			isa = PBXGroup;
			children = (
				817BC85D1B6D6BEA0059C31D /* RealmTestTests.swift */,
				817BC85B1B6D6BEA0059C31D /* Supporting Files */,
			);
			path = RealmTestTests;
			sourceTree = "<group>";
		};
		817BC85B1B6D6BEA0059C31D /* Supporting Files */ = {
			isa = PBXGroup;
			children = (
				817BC85C1B6D6BEA0059C31D /* Info.plist */,
			);
			name = "Supporting Files";
			sourceTree = "<group>";
		};
		EE99F94B67CEC50923F1C5C9 /* Frameworks */ = {
			isa = PBXGroup;
			children = (
				72B0AA01F705421C1024B0DB /* Pods.framework */,
			);
			name = Frameworks;
			sourceTree = "<group>";
		};
/* End PBXGroup section */

/* Begin PBXNativeTarget section */
		817BC8411B6D6BEA0059C31D /* RealmTest */ = {
			isa = PBXNativeTarget;
			buildConfigurationList = 817BC8611B6D6BEA0059C31D /* Build configuration list for PBXNativeTarget "RealmTest" */;
			buildPhases = (
				CB66C884D76A07F9E37B7A27 /* Check Pods Manifest.lock */,
				817BC83E1B6D6BEA0059C31D /* Sources */,
				817BC83F1B6D6BEA0059C31D /* Frameworks */,
				817BC8401B6D6BEA0059C31D /* Resources */,
				BE777C3710EC61079FDD94B9 /* Embed Pods Frameworks */,
				BA0704C0CBDF26597FA3F00F /* Copy Pods Resources */,
			);
			buildRules = (
			);
			dependencies = (
			);
			name = RealmTest;
			productName = RealmTest;
			productReference = 817BC8421B6D6BEA0059C31D /* RealmTest.app */;
			productType = "com.apple.product-type.application";
		};
		817BC8561B6D6BEA0059C31D /* RealmTestTests */ = {
			isa = PBXNativeTarget;
			buildConfigurationList = 817BC8641B6D6BEA0059C31D /* Build configuration list for PBXNativeTarget "RealmTestTests" */;
			buildPhases = (
				817BC8531B6D6BEA0059C31D /* Sources */,
				817BC8541B6D6BEA0059C31D /* Frameworks */,
				817BC8551B6D6BEA0059C31D /* Resources */,
			);
			buildRules = (
			);
			dependencies = (
				817BC8591B6D6BEA0059C31D /* PBXTargetDependency */,
			);
			name = RealmTestTests;
			productName = RealmTestTests;
			productReference = 817BC8571B6D6BEA0059C31D /* RealmTestTests.xctest */;
			productType = "com.apple.product-type.bundle.unit-test";
		};
/* End PBXNativeTarget section */

/* Begin PBXProject section */
		817BC83A1B6D6BEA0059C31D /* Project object */ = {
			isa = PBXProject;
			attributes = {
				LastUpgradeCheck = 0640;
				ORGANIZATIONNAME = SNASTek;
				TargetAttributes = {
					817BC8411B6D6BEA0059C31D = {
						CreatedOnToolsVersion = 6.4;
					};
					817BC8561B6D6BEA0059C31D = {
						CreatedOnToolsVersion = 6.4;
						TestTargetID = 817BC8411B6D6BEA0059C31D;
					};
				};
			};
			buildConfigurationList = 817BC83D1B6D6BEA0059C31D /* Build configuration list for PBXProject "RealmTest" */;
			compatibilityVersion = "Xcode 3.2";
			developmentRegion = English;
			hasScannedForEncodings = 0;
			knownRegions = (
				en,
				Base,
			);
			mainGroup = 817BC8391B6D6BEA0059C31D;
			productRefGroup = 817BC8431B6D6BEA0059C31D /* Products */;
			projectDirPath = "";
			projectRoot = "";
			targets = (
				817BC8411B6D6BEA0059C31D /* RealmTest */,
				817BC8561B6D6BEA0059C31D /* RealmTestTests */,
			);
		};
/* End PBXProject section */

/* Begin PBXResourcesBuildPhase section */
		817BC8401B6D6BEA0059C31D /* Resources */ = {
			isa = PBXResourcesBuildPhase;
			buildActionMask = 2147483647;
			files = (
				817BC84D1B6D6BEA0059C31D /* Main.storyboard in Resources */,
				817BC8521B6D6BEA0059C31D /* LaunchScreen.xib in Resources */,
				817BC84F1B6D6BEA0059C31D /* Images.xcassets in Resources */,
			);
			runOnlyForDeploymentPostprocessing = 0;
		};
		817BC8551B6D6BEA0059C31D /* Resources */ = {
			isa = PBXResourcesBuildPhase;
			buildActionMask = 2147483647;
			files = (
			);
			runOnlyForDeploymentPostprocessing = 0;
		};
/* End PBXResourcesBuildPhase section */

/* Begin PBXShellScriptBuildPhase section */
		BA0704C0CBDF26597FA3F00F /* Copy Pods Resources */ = {
			isa = PBXShellScriptBuildPhase;
			buildActionMask = 2147483647;
			files = (
			);
			inputPaths = (
			);
			name = "Copy Pods Resources";
			outputPaths = (
			);
			runOnlyForDeploymentPostprocessing = 0;
			shellPath = /bin/sh;
			shellScript = "\"${SRCROOT}/Pods/Target Support Files/Pods/Pods-resources.sh\"\n";
			showEnvVarsInLog = 0;
		};
		BE777C3710EC61079FDD94B9 /* Embed Pods Frameworks */ = {
			isa = PBXShellScriptBuildPhase;
			buildActionMask = 2147483647;
			files = (
			);
			inputPaths = (
			);
			name = "Embed Pods Frameworks";
			outputPaths = (
			);
			runOnlyForDeploymentPostprocessing = 0;
			shellPath = /bin/sh;
			shellScript = "\"${SRCROOT}/Pods/Target Support Files/Pods/Pods-frameworks.sh\"\n";
			showEnvVarsInLog = 0;
		};
		CB66C884D76A07F9E37B7A27 /* Check Pods Manifest.lock */ = {
			isa = PBXShellScriptBuildPhase;
			buildActionMask = 2147483647;
			files = (
			);
			inputPaths = (
			);
			name = "Check Pods Manifest.lock";
			outputPaths = (
			);
			runOnlyForDeploymentPostprocessing = 0;
			shellPath = /bin/sh;
			shellScript = "diff \"${PODS_ROOT}/../Podfile.lock\" \"${PODS_ROOT}/Manifest.lock\" > /dev/null\nif [[ $? != 0 ]] ; then\n    cat << EOM\nerror: The sandbox is not in sync with the Podfile.lock. Run 'pod install' or update your CocoaPods installation.\nEOM\n    exit 1\nfi\n";
			showEnvVarsInLog = 0;
		};
/* End PBXShellScriptBuildPhase section */

/* Begin PBXSourcesBuildPhase section */
		817BC83E1B6D6BEA0059C31D /* Sources */ = {
			isa = PBXSourcesBuildPhase;
			buildActionMask = 2147483647;
			files = (
				817BC86A1B6D6F710059C31D /* AddVC.swift in Sources */,
				817BC84A1B6D6BEA0059C31D /* ViewController.swift in Sources */,
				817BC8481B6D6BEA0059C31D /* AppDelegate.swift in Sources */,
				817BC8681B6D6D470059C31D /* ToDoItem.swift in Sources */,
			);
			runOnlyForDeploymentPostprocessing = 0;
		};
		817BC8531B6D6BEA0059C31D /* Sources */ = {
			isa = PBXSourcesBuildPhase;
			buildActionMask = 2147483647;
			files = (
				817BC85E1B6D6BEA0059C31D /* RealmTestTests.swift in Sources */,
			);
			runOnlyForDeploymentPostprocessing = 0;
		};
/* End PBXSourcesBuildPhase section */

/* Begin PBXTargetDependency section */
		817BC8591B6D6BEA0059C31D /* PBXTargetDependency */ = {
			isa = PBXTargetDependency;
			target = 817BC8411B6D6BEA0059C31D /* RealmTest */;
			targetProxy = 817BC8581B6D6BEA0059C31D /* PBXContainerItemProxy */;
		};
/* End PBXTargetDependency section */

/* Begin PBXVariantGroup section */
		817BC84B1B6D6BEA0059C31D /* Main.storyboard */ = {
			isa = PBXVariantGroup;
			children = (
				817BC84C1B6D6BEA0059C31D /* Base */,
			);
			name = Main.storyboard;
			sourceTree = "<group>";
		};
		817BC8501B6D6BEA0059C31D /* LaunchScreen.xib */ = {
			isa = PBXVariantGroup;
			children = (
				817BC8511B6D6BEA0059C31D /* Base */,
			);
			name = LaunchScreen.xib;
			sourceTree = "<group>";
		};
/* End PBXVariantGroup section */

/* Begin XCBuildConfiguration section */
		817BC85F1B6D6BEA0059C31D /* Debug */ = {
			isa = XCBuildConfiguration;
			buildSettings = {
				ALWAYS_SEARCH_USER_PATHS = NO;
				CLANG_CXX_LANGUAGE_STANDARD = "gnu++0x";
				CLANG_CXX_LIBRARY = "libc++";
				CLANG_ENABLE_MODULES = YES;
				CLANG_ENABLE_OBJC_ARC = YES;
				CLANG_WARN_BOOL_CONVERSION = YES;
				CLANG_WARN_CONSTANT_CONVERSION = YES;
				CLANG_WARN_DIRECT_OBJC_ISA_USAGE = YES_ERROR;
				CLANG_WARN_EMPTY_BODY = YES;
				CLANG_WARN_ENUM_CONVERSION = YES;
				CLANG_WARN_INT_CONVERSION = YES;
				CLANG_WARN_OBJC_ROOT_CLASS = YES_ERROR;
				CLANG_WARN_UNREACHABLE_CODE = YES;
				CLANG_WARN__DUPLICATE_METHOD_MATCH = YES;
				"CODE_SIGN_IDENTITY[sdk=iphoneos*]" = "iPhone Developer";
				COPY_PHASE_STRIP = NO;
				DEBUG_INFORMATION_FORMAT = "dwarf-with-dsym";
				ENABLE_STRICT_OBJC_MSGSEND = YES;
				GCC_C_LANGUAGE_STANDARD = gnu99;
				GCC_DYNAMIC_NO_PIC = NO;
				GCC_NO_COMMON_BLOCKS = YES;
				GCC_OPTIMIZATION_LEVEL = 0;
				GCC_PREPROCESSOR_DEFINITIONS = (
					"DEBUG=1",
					"$(inherited)",
				);
				GCC_SYMBOLS_PRIVATE_EXTERN = NO;
				GCC_WARN_64_TO_32_BIT_CONVERSION = YES;
				GCC_WARN_ABOUT_RETURN_TYPE = YES_ERROR;
				GCC_WARN_UNDECLARED_SELECTOR = YES;
				GCC_WARN_UNINITIALIZED_AUTOS = YES_AGGRESSIVE;
				GCC_WARN_UNUSED_FUNCTION = YES;
				GCC_WARN_UNUSED_VARIABLE = YES;
				IPHONEOS_DEPLOYMENT_TARGET = 8.4;
				MTL_ENABLE_DEBUG_INFO = YES;
				ONLY_ACTIVE_ARCH = YES;
				SDKROOT = iphoneos;
				SWIFT_OPTIMIZATION_LEVEL = "-Onone";
			};
			name = Debug;
		};
		817BC8601B6D6BEA0059C31D /* Release */ = {
			isa = XCBuildConfiguration;
			buildSettings = {
				ALWAYS_SEARCH_USER_PATHS = NO;
				CLANG_CXX_LANGUAGE_STANDARD = "gnu++0x";
				CLANG_CXX_LIBRARY = "libc++";
				CLANG_ENABLE_MODULES = YES;
				CLANG_ENABLE_OBJC_ARC = YES;
				CLANG_WARN_BOOL_CONVERSION = YES;
				CLANG_WARN_CONSTANT_CONVERSION = YES;
				CLANG_WARN_DIRECT_OBJC_ISA_USAGE = YES_ERROR;
				CLANG_WARN_EMPTY_BODY = YES;
				CLANG_WARN_ENUM_CONVERSION = YES;
				CLANG_WARN_INT_CONVERSION = YES;
				CLANG_WARN_OBJC_ROOT_CLASS = YES_ERROR;
				CLANG_WARN_UNREACHABLE_CODE = YES;
				CLANG_WARN__DUPLICATE_METHOD_MATCH = YES;
				"CODE_SIGN_IDENTITY[sdk=iphoneos*]" = "iPhone Developer";
				COPY_PHASE_STRIP = NO;
				DEBUG_INFORMATION_FORMAT = "dwarf-with-dsym";
				ENABLE_NS_ASSERTIONS = NO;
				ENABLE_STRICT_OBJC_MSGSEND = YES;
				GCC_C_LANGUAGE_STANDARD = gnu99;
				GCC_NO_COMMON_BLOCKS = YES;
				GCC_WARN_64_TO_32_BIT_CONVERSION = YES;
				GCC_WARN_ABOUT_RETURN_TYPE = YES_ERROR;
				GCC_WARN_UNDECLARED_SELECTOR = YES;
				GCC_WARN_UNINITIALIZED_AUTOS = YES_AGGRESSIVE;
				GCC_WARN_UNUSED_FUNCTION = YES;
				GCC_WARN_UNUSED_VARIABLE = YES;
				IPHONEOS_DEPLOYMENT_TARGET = 8.4;
				MTL_ENABLE_DEBUG_INFO = NO;
				SDKROOT = iphoneos;
				VALIDATE_PRODUCT = YES;
			};
			name = Release;
		};
		817BC8621B6D6BEA0059C31D /* Debug */ = {
			isa = XCBuildConfiguration;
			baseConfigurationReference = C9784FE5B336DBB79FBB1B31 /* Pods.debug.xcconfig */;
			buildSettings = {
				ASSETCATALOG_COMPILER_APPICON_NAME = AppIcon;
				INFOPLIST_FILE = RealmTest/Info.plist;
				IPHONEOS_DEPLOYMENT_TARGET = 8.0;
				LD_RUNPATH_SEARCH_PATHS = "$(inherited) @executable_path/Frameworks";
				PRODUCT_NAME = "$(TARGET_NAME)";
			};
			name = Debug;
		};
		817BC8631B6D6BEA0059C31D /* Release */ = {
			isa = XCBuildConfiguration;
			baseConfigurationReference = 8C3B441252BC3CA8883481B0 /* Pods.release.xcconfig */;
			buildSettings = {
				ASSETCATALOG_COMPILER_APPICON_NAME = AppIcon;
				INFOPLIST_FILE = RealmTest/Info.plist;
				IPHONEOS_DEPLOYMENT_TARGET = 8.0;
				LD_RUNPATH_SEARCH_PATHS = "$(inherited) @executable_path/Frameworks";
				PRODUCT_NAME = "$(TARGET_NAME)";
			};
			name = Release;
		};
		817BC8651B6D6BEA0059C31D /* Debug */ = {
			isa = XCBuildConfiguration;
			buildSettings = {
				BUNDLE_LOADER = "$(TEST_HOST)";
				FRAMEWORK_SEARCH_PATHS = (
					"$(SDKROOT)/Developer/Library/Frameworks",
					"$(inherited)",
				);
				GCC_PREPROCESSOR_DEFINITIONS = (
					"DEBUG=1",
					"$(inherited)",
				);
				INFOPLIST_FILE = RealmTestTests/Info.plist;
				LD_RUNPATH_SEARCH_PATHS = "$(inherited) @executable_path/Frameworks @loader_path/Frameworks";
				PRODUCT_NAME = "$(TARGET_NAME)";
				TEST_HOST = "$(BUILT_PRODUCTS_DIR)/RealmTest.app/RealmTest";
			};
			name = Debug;
		};
		817BC8661B6D6BEA0059C31D /* Release */ = {
			isa = XCBuildConfiguration;
			buildSettings = {
				BUNDLE_LOADER = "$(TEST_HOST)";
				FRAMEWORK_SEARCH_PATHS = (
					"$(SDKROOT)/Developer/Library/Frameworks",
					"$(inherited)",
				);
				INFOPLIST_FILE = RealmTestTests/Info.plist;
				LD_RUNPATH_SEARCH_PATHS = "$(inherited) @executable_path/Frameworks @loader_path/Frameworks";
				PRODUCT_NAME = "$(TARGET_NAME)";
				TEST_HOST = "$(BUILT_PRODUCTS_DIR)/RealmTest.app/RealmTest";
			};
			name = Release;
		};
/* End XCBuildConfiguration section */

/* Begin XCConfigurationList section */
		817BC83D1B6D6BEA0059C31D /* Build configuration list for PBXProject "RealmTest" */ = {
			isa = XCConfigurationList;
			buildConfigurations = (
				817BC85F1B6D6BEA0059C31D /* Debug */,
				817BC8601B6D6BEA0059C31D /* Release */,
			);
			defaultConfigurationIsVisible = 0;
			defaultConfigurationName = Release;
		};
		817BC8611B6D6BEA0059C31D /* Build configuration list for PBXNativeTarget "RealmTest" */ = {
			isa = XCConfigurationList;
			buildConfigurations = (
				817BC8621B6D6BEA0059C31D /* Debug */,
				817BC8631B6D6BEA0059C31D /* Release */,
			);
			defaultConfigurationIsVisible = 0;
			defaultConfigurationName = Release;
		};
		817BC8641B6D6BEA0059C31D /* Build configuration list for PBXNativeTarget "RealmTestTests" */ = {
			isa = XCConfigurationList;
			buildConfigurations = (
				817BC8651B6D6BEA0059C31D /* Debug */,
				817BC8661B6D6BEA0059C31D /* Release */,
			);
			defaultConfigurationIsVisible = 0;
			defaultConfigurationName = Release;
		};
/* End XCConfigurationList section */
	};
	rootObject = 817BC83A1B6D6BEA0059C31D /* Project object */;
}
